
Microsoft Visual Studio Solution File, Format Version 12.00
# Visual Studio 15
VisualStudioVersion = 15.0.28307.1000
MinimumVisualStudioVersion = 10.0.40219.1
Project("{FAE04EC0-301F-11D3-BF4B-00C04F79EFBC}") = "Sort_Form", "Selection_Sort\Sort_Form.csproj", "{4F98BF55-5747-4786-B8D0-E6FBD82F7F24}"
EndProject
Global
	GlobalSection(SolutionConfigurationPlatforms) = preSolution
		Debug|Any CPU = Debug|Any CPU
		Release|Any CPU = Release|Any CPU
	EndGlobalSection
	GlobalSection(ProjectConfigurationPlatforms) = postSolution
		{4F98BF55-5747-4786-B8D0-E6FBD82F7F24}.Debug|Any CPU.ActiveCfg = Debug|Any CPU
		{4F98BF55-5747-4786-B8D0-E6FBD82F7F24}.Debug|Any CPU.Build.0 = Debug|Any CPU
		{4F98BF55-5747-4786-B8D0-E6FBD82F7F24}.Release|Any CPU.ActiveCfg = Release|Any CPU
		{4F98BF55-5747-4786-B8D0-E6FBD82F7F24}.Release|Any CPU.Build.0 = Release|Any CPU
	EndGlobalSection
	GlobalSection(SolutionProperties) = preSolution
		HideSolutionNode = FALSE
	EndGlobalSection
	GlobalSection(ExtensibilityGlobals) = postSolution
		SolutionGuid = {977B796D-B7BA-45D2-94C2-E6B9389F148B}
	EndGlobalSection
EndGlobal
