
Microsoft Visual Studio Solution File, Format Version 12.00
# Visual Studio 15
VisualStudioVersion = 15.0.28307.1145
MinimumVisualStudioVersion = 10.0.40219.1
Project("{FAE04EC0-301F-11D3-BF4B-00C04F79EFBC}") = "Graph", "Graph\Graph.csproj", "{96BBA5A5-B699-42FB-AF20-08D431892565}"
EndProject
Global
	GlobalSection(SolutionConfigurationPlatforms) = preSolution
		Debug|Any CPU = Debug|Any CPU
		Release|Any CPU = Release|Any CPU
	EndGlobalSection
	GlobalSection(ProjectConfigurationPlatforms) = postSolution
		{96BBA5A5-B699-42FB-AF20-08D431892565}.Debug|Any CPU.ActiveCfg = Debug|Any CPU
		{96BBA5A5-B699-42FB-AF20-08D431892565}.Debug|Any CPU.Build.0 = Debug|Any CPU
		{96BBA5A5-B699-42FB-AF20-08D431892565}.Release|Any CPU.ActiveCfg = Release|Any CPU
		{96BBA5A5-B699-42FB-AF20-08D431892565}.Release|Any CPU.Build.0 = Release|Any CPU
	EndGlobalSection
	GlobalSection(SolutionProperties) = preSolution
		HideSolutionNode = FALSE
	EndGlobalSection
	GlobalSection(ExtensibilityGlobals) = postSolution
		SolutionGuid = {028C7E93-6B3B-43FC-BC9F-6E4DFD4F4848}
	EndGlobalSection
EndGlobal
