
Microsoft Visual Studio Solution File, Format Version 12.00
# Visual Studio 15
VisualStudioVersion = 15.0.28307.1062
MinimumVisualStudioVersion = 10.0.40219.1
Project("{FAE04EC0-301F-11D3-BF4B-00C04F79EFBC}") = "LinkedHash", "LinkedHash\LinkedHash.csproj", "{3EF1F8FB-AB99-4C15-99F2-73D37EB6B6B6}"
EndProject
Global
	GlobalSection(SolutionConfigurationPlatforms) = preSolution
		Debug|Any CPU = Debug|Any CPU
		Release|Any CPU = Release|Any CPU
	EndGlobalSection
	GlobalSection(ProjectConfigurationPlatforms) = postSolution
		{3EF1F8FB-AB99-4C15-99F2-73D37EB6B6B6}.Debug|Any CPU.ActiveCfg = Debug|Any CPU
		{3EF1F8FB-AB99-4C15-99F2-73D37EB6B6B6}.Debug|Any CPU.Build.0 = Debug|Any CPU
		{3EF1F8FB-AB99-4C15-99F2-73D37EB6B6B6}.Release|Any CPU.ActiveCfg = Release|Any CPU
		{3EF1F8FB-AB99-4C15-99F2-73D37EB6B6B6}.Release|Any CPU.Build.0 = Release|Any CPU
	EndGlobalSection
	GlobalSection(SolutionProperties) = preSolution
		HideSolutionNode = FALSE
	EndGlobalSection
	GlobalSection(ExtensibilityGlobals) = postSolution
		SolutionGuid = {D4780C3E-8B11-43C3-BFB1-8D2E929845B1}
	EndGlobalSection
EndGlobal
