
Microsoft Visual Studio Solution File, Format Version 12.00
# Visual Studio 15
VisualStudioVersion = 15.0.28307.1000
MinimumVisualStudioVersion = 10.0.40219.1
Project("{FAE04EC0-301F-11D3-BF4B-00C04F79EFBC}") = "No1", "No1\No1.csproj", "{5345385B-325E-46A3-8A4D-09389CF08BA7}"
EndProject
Project("{FAE04EC0-301F-11D3-BF4B-00C04F79EFBC}") = "No2", "No2\No2.csproj", "{7591F8D0-8606-4EEB-9CBC-3A4A453FB305}"
EndProject
Global
	GlobalSection(SolutionConfigurationPlatforms) = preSolution
		Debug|Any CPU = Debug|Any CPU
		Release|Any CPU = Release|Any CPU
	EndGlobalSection
	GlobalSection(ProjectConfigurationPlatforms) = postSolution
		{5345385B-325E-46A3-8A4D-09389CF08BA7}.Debug|Any CPU.ActiveCfg = Debug|Any CPU
		{5345385B-325E-46A3-8A4D-09389CF08BA7}.Debug|Any CPU.Build.0 = Debug|Any CPU
		{5345385B-325E-46A3-8A4D-09389CF08BA7}.Release|Any CPU.ActiveCfg = Release|Any CPU
		{5345385B-325E-46A3-8A4D-09389CF08BA7}.Release|Any CPU.Build.0 = Release|Any CPU
		{7591F8D0-8606-4EEB-9CBC-3A4A453FB305}.Debug|Any CPU.ActiveCfg = Debug|Any CPU
		{7591F8D0-8606-4EEB-9CBC-3A4A453FB305}.Debug|Any CPU.Build.0 = Debug|Any CPU
		{7591F8D0-8606-4EEB-9CBC-3A4A453FB305}.Release|Any CPU.ActiveCfg = Release|Any CPU
		{7591F8D0-8606-4EEB-9CBC-3A4A453FB305}.Release|Any CPU.Build.0 = Release|Any CPU
	EndGlobalSection
	GlobalSection(SolutionProperties) = preSolution
		HideSolutionNode = FALSE
	EndGlobalSection
	GlobalSection(ExtensibilityGlobals) = postSolution
		SolutionGuid = {9BDA861E-165F-4483-96A6-BCCBF8D369DD}
	EndGlobalSection
EndGlobal
